Microsoft Visual Studio Solution File, Format Version 12.00
# Visual Studio Version 17
VisualStudioVersion = 17.5.2.0
MinimumVisualStudioVersion = 10.0.40219.1
Project("{FAE04EC0-301F-11D3-BF4B-00C04F79EFBC}") = "madridata-api", "madridata-api.csproj", "{600B0C58-E1BE-9294-0099-B91E6F7B8B37}"
EndProject
Global
	GlobalSection(SolutionConfigurationPlatforms) = preSolution
		Debug|Any CPU = Debug|Any CPU
		Release|Any CPU = Release|Any CPU
	EndGlobalSection
	GlobalSection(ProjectConfigurationPlatforms) = postSolution
		{600B0C58-E1BE-9294-0099-B91E6F7B8B37}.Debug|Any CPU.ActiveCfg = Debug|Any CPU
		{600B0C58-E1BE-9294-0099-B91E6F7B8B37}.Debug|Any CPU.Build.0 = Debug|Any CPU
		{600B0C58-E1BE-9294-0099-B91E6F7B8B37}.Release|Any CPU.ActiveCfg = Release|Any CPU
		{600B0C58-E1BE-9294-0099-B91E6F7B8B37}.Release|Any CPU.Build.0 = Release|Any CPU
	EndGlobalSection
	GlobalSection(SolutionProperties) = preSolution
		HideSolutionNode = FALSE
	EndGlobalSection
	GlobalSection(ExtensibilityGlobals) = postSolution
		SolutionGuid = {33ED5551-2189-4646-8673-8E50DB25CBB3}
	EndGlobalSection
EndGlobal
